
Microsoft Visual Studio Solution File, Format Version 12.00
# Visual Studio Version 17
VisualStudioVersion = 17.4.33213.308
MinimumVisualStudioVersion = 10.0.40219.1
Project("{FAE04EC0-301F-11D3-BF4B-00C04F79EFBC}") = "SmartSchool.WebAPI", "SmartSchool.WebAPI\SmartSchool.WebAPI.csproj", "{8E00943F-327E-4EB5-8D69-CA91A820853F}"
EndProject
Global
	GlobalSection(SolutionConfigurationPlatforms) = preSolution
		Debug|Any CPU = Debug|Any CPU
		Release|Any CPU = Release|Any CPU
	EndGlobalSection
	GlobalSection(ProjectConfigurationPlatforms) = postSolution
		{8E00943F-327E-4EB5-8D69-CA91A820853F}.Debug|Any CPU.ActiveCfg = Debug|Any CPU
		{8E00943F-327E-4EB5-8D69-CA91A820853F}.Debug|Any CPU.Build.0 = Debug|Any CPU
		{8E00943F-327E-4EB5-8D69-CA91A820853F}.Release|Any CPU.ActiveCfg = Release|Any CPU
		{8E00943F-327E-4EB5-8D69-CA91A820853F}.Release|Any CPU.Build.0 = Release|Any CPU
	EndGlobalSection
	GlobalSection(SolutionProperties) = preSolution
		HideSolutionNode = FALSE
	EndGlobalSection
	GlobalSection(ExtensibilityGlobals) = postSolution
		SolutionGuid = {49354BED-4A84-4534-AF7D-5CA0F5F2030B}
	EndGlobalSection
EndGlobal
